
Microsoft Visual Studio Solution File, Format Version 12.00
# Visual Studio Version 16
VisualStudioVersion = 16.0.32630.194
MinimumVisualStudioVersion = 10.0.40219.1
Project("{FAE04EC0-301F-11D3-BF4B-00C04F79EFBC}") = "Probability", "Probability\Probability.csproj", "{45C8ED74-775B-4097-BA91-21597524925A}"
EndProject
Project("{FAE04EC0-301F-11D3-BF4B-00C04F79EFBC}") = "Probability.Test", "Probability.Test\Probability.Test.csproj", "{7ADDA2A9-39C0-4072-9697-23ED4A957BB6}"
EndProject
Global
	GlobalSection(SolutionConfigurationPlatforms) = preSolution
		Debug|Any CPU = Debug|Any CPU
		Release|Any CPU = Release|Any CPU
	EndGlobalSection
	GlobalSection(ProjectConfigurationPlatforms) = postSolution
		{45C8ED74-775B-4097-BA91-21597524925A}.Debug|Any CPU.ActiveCfg = Debug|Any CPU
		{45C8ED74-775B-4097-BA91-21597524925A}.Debug|Any CPU.Build.0 = Debug|Any CPU
		{45C8ED74-775B-4097-BA91-21597524925A}.Release|Any CPU.ActiveCfg = Release|Any CPU
		{45C8ED74-775B-4097-BA91-21597524925A}.Release|Any CPU.Build.0 = Release|Any CPU
		{7ADDA2A9-39C0-4072-9697-23ED4A957BB6}.Debug|Any CPU.ActiveCfg = Debug|Any CPU
		{7ADDA2A9-39C0-4072-9697-23ED4A957BB6}.Debug|Any CPU.Build.0 = Debug|Any CPU
		{7ADDA2A9-39C0-4072-9697-23ED4A957BB6}.Release|Any CPU.ActiveCfg = Release|Any CPU
		{7ADDA2A9-39C0-4072-9697-23ED4A957BB6}.Release|Any CPU.Build.0 = Release|Any CPU
	EndGlobalSection
	GlobalSection(SolutionProperties) = preSolution
		HideSolutionNode = FALSE
	EndGlobalSection
	GlobalSection(ExtensibilityGlobals) = postSolution
		SolutionGuid = {B816A12E-7C83-4E60-8B84-EE6483F9C056}
	EndGlobalSection
EndGlobal
